
Microsoft Visual Studio Solution File, Format Version 12.00
# Visual Studio Version 17
VisualStudioVersion = 17.10.35027.167
MinimumVisualStudioVersion = 10.0.40219.1
Project("{FAE04EC0-301F-11D3-BF4B-00C04F79EFBC}") = "SaidaDeDados", "SaidaDeDados\SaidaDeDados.csproj", "{31212B8A-A640-478A-8759-AA39559A1111}"
EndProject
Global
	GlobalSection(SolutionConfigurationPlatforms) = preSolution
		Debug|Any CPU = Debug|Any CPU
		Release|Any CPU = Release|Any CPU
	EndGlobalSection
	GlobalSection(ProjectConfigurationPlatforms) = postSolution
		{31212B8A-A640-478A-8759-AA39559A1111}.Debug|Any CPU.ActiveCfg = Debug|Any CPU
		{31212B8A-A640-478A-8759-AA39559A1111}.Debug|Any CPU.Build.0 = Debug|Any CPU
		{31212B8A-A640-478A-8759-AA39559A1111}.Release|Any CPU.ActiveCfg = Release|Any CPU
		{31212B8A-A640-478A-8759-AA39559A1111}.Release|Any CPU.Build.0 = Release|Any CPU
	EndGlobalSection
	GlobalSection(SolutionProperties) = preSolution
		HideSolutionNode = FALSE
	EndGlobalSection
	GlobalSection(ExtensibilityGlobals) = postSolution
		SolutionGuid = {7CF219E7-2ED8-43A4-8F23-ECDB56BB499C}
	EndGlobalSection
EndGlobal
