
Microsoft Visual Studio Solution File, Format Version 12.00
# Visual Studio Version 17
VisualStudioVersion = 17.10.35027.167
MinimumVisualStudioVersion = 10.0.40219.1
Project("{FAE04EC0-301F-11D3-BF4B-00C04F79EFBC}") = "Enums", "Enums\Enums.csproj", "{A5F66C48-7A2C-4C62-85B9-C4DAB8C29187}"
EndProject
Global
	GlobalSection(SolutionConfigurationPlatforms) = preSolution
		Debug|Any CPU = Debug|Any CPU
		Release|Any CPU = Release|Any CPU
	EndGlobalSection
	GlobalSection(ProjectConfigurationPlatforms) = postSolution
		{A5F66C48-7A2C-4C62-85B9-C4DAB8C29187}.Debug|Any CPU.ActiveCfg = Debug|Any CPU
		{A5F66C48-7A2C-4C62-85B9-C4DAB8C29187}.Debug|Any CPU.Build.0 = Debug|Any CPU
		{A5F66C48-7A2C-4C62-85B9-C4DAB8C29187}.Release|Any CPU.ActiveCfg = Release|Any CPU
		{A5F66C48-7A2C-4C62-85B9-C4DAB8C29187}.Release|Any CPU.Build.0 = Release|Any CPU
	EndGlobalSection
	GlobalSection(SolutionProperties) = preSolution
		HideSolutionNode = FALSE
	EndGlobalSection
	GlobalSection(ExtensibilityGlobals) = postSolution
		SolutionGuid = {1D043BCC-1336-4715-A6D8-2AFB46C8B6DD}
	EndGlobalSection
EndGlobal
