
Microsoft Visual Studio Solution File, Format Version 12.00
# Visual Studio Version 17
VisualStudioVersion = 17.10.35027.167
MinimumVisualStudioVersion = 10.0.40219.1
Project("{FAE04EC0-301F-11D3-BF4B-00C04F79EFBC}") = "StringBuilderSB", "StringBuilder\StringBuilderSB.csproj", "{B038C744-8793-4C4A-8615-68EF019FF6A6}"
EndProject
Global
	GlobalSection(SolutionConfigurationPlatforms) = preSolution
		Debug|Any CPU = Debug|Any CPU
		Release|Any CPU = Release|Any CPU
	EndGlobalSection
	GlobalSection(ProjectConfigurationPlatforms) = postSolution
		{B038C744-8793-4C4A-8615-68EF019FF6A6}.Debug|Any CPU.ActiveCfg = Debug|Any CPU
		{B038C744-8793-4C4A-8615-68EF019FF6A6}.Debug|Any CPU.Build.0 = Debug|Any CPU
		{B038C744-8793-4C4A-8615-68EF019FF6A6}.Release|Any CPU.ActiveCfg = Release|Any CPU
		{B038C744-8793-4C4A-8615-68EF019FF6A6}.Release|Any CPU.Build.0 = Release|Any CPU
	EndGlobalSection
	GlobalSection(SolutionProperties) = preSolution
		HideSolutionNode = FALSE
	EndGlobalSection
	GlobalSection(ExtensibilityGlobals) = postSolution
		SolutionGuid = {51E20C8E-F228-4C57-A62F-6024CF9D1D10}
	EndGlobalSection
EndGlobal
