
Microsoft Visual Studio Solution File, Format Version 12.00
# Visual Studio Version 17
VisualStudioVersion = 17.10.35027.167
MinimumVisualStudioVersion = 10.0.40219.1
Project("{FAE04EC0-301F-11D3-BF4B-00C04F79EFBC}") = "EnumeracaoComposicao", "EnumeracaoComposicao\EnumeracaoComposicao.csproj", "{FB42E630-2E76-4FCA-82F9-9C9570024006}"
EndProject
Global
	GlobalSection(SolutionConfigurationPlatforms) = preSolution
		Debug|Any CPU = Debug|Any CPU
		Release|Any CPU = Release|Any CPU
	EndGlobalSection
	GlobalSection(ProjectConfigurationPlatforms) = postSolution
		{FB42E630-2E76-4FCA-82F9-9C9570024006}.Debug|Any CPU.ActiveCfg = Debug|Any CPU
		{FB42E630-2E76-4FCA-82F9-9C9570024006}.Debug|Any CPU.Build.0 = Debug|Any CPU
		{FB42E630-2E76-4FCA-82F9-9C9570024006}.Release|Any CPU.ActiveCfg = Release|Any CPU
		{FB42E630-2E76-4FCA-82F9-9C9570024006}.Release|Any CPU.Build.0 = Release|Any CPU
	EndGlobalSection
	GlobalSection(SolutionProperties) = preSolution
		HideSolutionNode = FALSE
	EndGlobalSection
	GlobalSection(ExtensibilityGlobals) = postSolution
		SolutionGuid = {422DF809-D943-4F79-B6C8-0612F8E626BF}
	EndGlobalSection
EndGlobal
