
Microsoft Visual Studio Solution File, Format Version 12.00
# Visual Studio Version 17
VisualStudioVersion = 17.10.35027.167
MinimumVisualStudioVersion = 10.0.40219.1
Project("{FAE04EC0-301F-11D3-BF4B-00C04F79EFBC}") = "PrimeiroProjeto", "PrimeiroProjeto\PrimeiroProjeto.csproj", "{D6422558-8657-4311-B443-6C2270AC5EFE}"
EndProject
Global
	GlobalSection(SolutionConfigurationPlatforms) = preSolution
		Debug|Any CPU = Debug|Any CPU
		Release|Any CPU = Release|Any CPU
	EndGlobalSection
	GlobalSection(ProjectConfigurationPlatforms) = postSolution
		{D6422558-8657-4311-B443-6C2270AC5EFE}.Debug|Any CPU.ActiveCfg = Debug|Any CPU
		{D6422558-8657-4311-B443-6C2270AC5EFE}.Debug|Any CPU.Build.0 = Debug|Any CPU
		{D6422558-8657-4311-B443-6C2270AC5EFE}.Release|Any CPU.ActiveCfg = Release|Any CPU
		{D6422558-8657-4311-B443-6C2270AC5EFE}.Release|Any CPU.Build.0 = Release|Any CPU
	EndGlobalSection
	GlobalSection(SolutionProperties) = preSolution
		HideSolutionNode = FALSE
	EndGlobalSection
	GlobalSection(ExtensibilityGlobals) = postSolution
		SolutionGuid = {EE030E54-F0F2-4468-B1B7-F67D04622D65}
	EndGlobalSection
EndGlobal
