
Microsoft Visual Studio Solution File, Format Version 12.00
# Visual Studio Version 17
VisualStudioVersion = 17.11.35312.102
MinimumVisualStudioVersion = 10.0.40219.1
Project("{FAE04EC0-301F-11D3-BF4B-00C04F79EFBC}") = "TryCatch", "TryCatch\TryCatch.csproj", "{C8BB0252-3D8E-482D-A190-820F0F97420C}"
EndProject
Global
	GlobalSection(SolutionConfigurationPlatforms) = preSolution
		Debug|Any CPU = Debug|Any CPU
		Release|Any CPU = Release|Any CPU
	EndGlobalSection
	GlobalSection(ProjectConfigurationPlatforms) = postSolution
		{C8BB0252-3D8E-482D-A190-820F0F97420C}.Debug|Any CPU.ActiveCfg = Debug|Any CPU
		{C8BB0252-3D8E-482D-A190-820F0F97420C}.Debug|Any CPU.Build.0 = Debug|Any CPU
		{C8BB0252-3D8E-482D-A190-820F0F97420C}.Release|Any CPU.ActiveCfg = Release|Any CPU
		{C8BB0252-3D8E-482D-A190-820F0F97420C}.Release|Any CPU.Build.0 = Release|Any CPU
	EndGlobalSection
	GlobalSection(SolutionProperties) = preSolution
		HideSolutionNode = FALSE
	EndGlobalSection
	GlobalSection(ExtensibilityGlobals) = postSolution
		SolutionGuid = {1DFE2020-BD3F-465C-89F7-6BA717D3DC1B}
	EndGlobalSection
EndGlobal
